# This file is automatically @generated by Cargo.
# It is not intended for manual editing.
version = 4

[[package]]
name = "astro-data-vault"
version = "0.1.0"
dependencies = [
 "astro-data-vault-core",
 "astro-data-vault-db",
]

[[package]]
name = "astro-data-vault-core"
version = "0.1.0"

[[package]]
name = "astro-data-vault-db"
version = "0.1.0"
